# This file is autogenerated, do not edit; changes may be undone by the next 'dep ensure'.


[[projects]]
  branch = "master"
  digest = "1:01745416ed734d0dbd8f2a25344536e399ee60319654873da12b107e9e3cb309"
  name = "github.com/golang/gddo"
  packages = ["httputil/header"]
  pruneopts = "UT"
  revision = "72a348e765d293ed6d1ded7b699591f14d6cd921"

[[projects]]
  digest = "1:cbec35fe4d5a4fba369a656a8cd65e244ea2c743007d8f6c1ccb132acf9d1296"
  name = "github.com/gorilla/mux"
  packages = ["."]
  pruneopts = "UT"
  revision = "00bdffe0f3c77e27d2cf6f5c70232a2d3e4d9c15"
  version = "v1.7.3"

[[projects]]
  digest = "1:31e761d97c76151dde79e9d28964a812c46efc5baee4085b86f68f0c654450de"
  name = "github.com/konsorten/go-windows-terminal-sequences"
  packages = ["."]
  pruneopts = "UT"
  revision = "f55edac94c9bbba5d6182a4be46d86a2c9b5b50e"
  version = "v1.0.2"

[[projects]]
  branch = "develop"
  digest = "1:54fd4c5b497da7fd0858939410bbfb1f99a349371d82e6f3d32861ca9e9502fc"
  name = "github.com/mm-uh/go-avl"
  packages = ["src"]
  pruneopts = "UT"
  revision = "d18266410e5aacd32fdf58a7ae269a438296c7ab"

[[projects]]
  branch = "develop"
  digest = "1:c2da1510d9f6167c4245988ba2a38b21815b6f40723974f1b8f1a15cf6f30851"
  name = "github.com/mm-uh/go-kademlia"
  packages = ["src"]
  pruneopts = "UT"
  revision = "03eeaf86135d60cc4bf3b71ea4d61f3532aa7a09"

[[projects]]
  branch = "master"
  digest = "1:c18326abc56f80e6bcbb1507b4bb305bee6e62eb3ad7ad400e84284b381c968a"
  name = "github.com/mm-uh/rpc_udp"
  packages = [
    "src/server",
    "src/util",
  ]
  pruneopts = "UT"
  revision = "ea3c8d27959791dec3d6af7d135b91aabea75ef7"

[[projects]]
  digest = "1:04457f9f6f3ffc5fea48e71d62f2ca256637dee0a04d710288e27e05c8b41976"
  name = "github.com/sirupsen/logrus"
  packages = ["."]
  pruneopts = "UT"
  revision = "839c75faf7f98a33d445d181f3018b5c3409a45e"
  version = "v1.4.2"

[[projects]]
  branch = "master"
  digest = "1:4da420ceda5f68e8d748aa2169d0ed44ffadb1bbd6537cf778a49563104189b8"
  name = "golang.org/x/sys"
  packages = ["unix"]
  pruneopts = "UT"
  revision = "ce4227a45e2eb77e5c847278dcc6a626742e2945"

[solve-meta]
  analyzer-name = "dep"
  analyzer-version = 1
  input-imports = [
    "github.com/golang/gddo/httputil/header",
    "github.com/gorilla/mux",
    "github.com/mm-uh/go-kademlia/src",
    "github.com/sirupsen/logrus",
  ]
  solver-name = "gps-cdcl"
  solver-version = 1
