# This file is autogenerated, do not edit; changes may be undone by the next 'dep ensure'.


[[projects]]
  branch = "master"
  digest = "1:01745416ed734d0dbd8f2a25344536e399ee60319654873da12b107e9e3cb309"
  name = "github.com/golang/gddo"
  packages = ["httputil/header"]
  pruneopts = "UT"
  revision = "72a348e765d293ed6d1ded7b699591f14d6cd921"

[[projects]]
  digest = "1:cbec35fe4d5a4fba369a656a8cd65e244ea2c743007d8f6c1ccb132acf9d1296"
  name = "github.com/gorilla/mux"
  packages = ["."]
  pruneopts = "UT"
  revision = "00bdffe0f3c77e27d2cf6f5c70232a2d3e4d9c15"
  version = "v1.7.3"

[[projects]]
  digest = "1:31e761d97c76151dde79e9d28964a812c46efc5baee4085b86f68f0c654450de"
  name = "github.com/konsorten/go-windows-terminal-sequences"
  packages = ["."]
  pruneopts = "UT"
  revision = "f55edac94c9bbba5d6182a4be46d86a2c9b5b50e"
  version = "v1.0.2"

[[projects]]
  branch = "develop"
  digest = "1:54fd4c5b497da7fd0858939410bbfb1f99a349371d82e6f3d32861ca9e9502fc"
  name = "github.com/mm-uh/go-avl"
  packages = ["src"]
  pruneopts = "UT"
  revision = "d18266410e5aacd32fdf58a7ae269a438296c7ab"

[[projects]]
  branch = "develop"
  digest = "1:e4ccbc8c7b4cb35f774db495fa716de871a6d53dc213bb9c360d7085a010e835"
  name = "github.com/mm-uh/go-kademlia"
  packages = ["src"]
  pruneopts = "UT"
  revision = "db1099813ff411abb8cc51fb821ae210d919d84f"

[[projects]]
  branch = "master"
  digest = "1:123b1af2c7abd5941ef719202d1627ec76386137298bcb80fe2b88a0ef2ad416"
  name = "github.com/mm-uh/rpc_udp"
  packages = [
    "src/server",
    "src/util",
  ]
  pruneopts = "UT"
  revision = "35ee59a6fcdb3a7f4198ba100ce65f1ebefaebaa"

[[projects]]
  digest = "1:04457f9f6f3ffc5fea48e71d62f2ca256637dee0a04d710288e27e05c8b41976"
  name = "github.com/sirupsen/logrus"
  packages = ["."]
  pruneopts = "UT"
  revision = "839c75faf7f98a33d445d181f3018b5c3409a45e"
  version = "v1.4.2"

[[projects]]
  branch = "master"
  digest = "1:ba6d732e405a774883c0bf5d4fc977a1606968bd0b518552645160d50b73a69c"
  name = "golang.org/x/sys"
  packages = ["unix"]
  pruneopts = "UT"
  revision = "eeba5f6aabab6d6594a9191d6bfeaca5fa6a8248"

[solve-meta]
  analyzer-name = "dep"
  analyzer-version = 1
  input-imports = [
    "github.com/golang/gddo/httputil/header",
    "github.com/gorilla/mux",
    "github.com/mm-uh/go-kademlia/src",
    "github.com/sirupsen/logrus",
  ]
  solver-name = "gps-cdcl"
  solver-version = 1
